// !$*UTF8*$!
{
	archiveVersion = 1;
	classes = {
	};
	objectVersion = 55;
	objects = {

/* Begin PBXBuildFile section */
		9713912927AE3C190048DB28 /* Product.swift in Sources */ = {isa = PBXBuildFile; fileRef = 9713912827AE3C180048DB28 /* Product.swift */; };
		9713912B27AE3F8E0048DB28 /* CoreDataStack.swift in Sources */ = {isa = PBXBuildFile; fileRef = 9713912A27AE3F8E0048DB28 /* CoreDataStack.swift */; };
		9713912D27AE438B0048DB28 /* User.swift in Sources */ = {isa = PBXBuildFile; fileRef = 9713912C27AE438B0048DB28 /* User.swift */; };
		9713912F27AE44A80048DB28 /* LoginViewController.swift in Sources */ = {isa = PBXBuildFile; fileRef = 9713912E27AE44A70048DB28 /* LoginViewController.swift */; };
		9713913127AE44B70048DB28 /* DashboardViewController.swift in Sources */ = {isa = PBXBuildFile; fileRef = 9713913027AE44B70048DB28 /* DashboardViewController.swift */; };
		9713913327AE4BB10048DB28 /* Discount.swift in Sources */ = {isa = PBXBuildFile; fileRef = 9713913227AE4BB10048DB28 /* Discount.swift */; };
		9713913527AE50AA0048DB28 /* Banner.swift in Sources */ = {isa = PBXBuildFile; fileRef = 9713913427AE50AA0048DB28 /* Banner.swift */; };
		9713913727AE52330048DB28 /* Login+User.swift in Sources */ = {isa = PBXBuildFile; fileRef = 9713913627AE52330048DB28 /* Login+User.swift */; };
		9713913927AE52660048DB28 /* Carousel.swift in Sources */ = {isa = PBXBuildFile; fileRef = 9713913827AE52660048DB28 /* Carousel.swift */; };
		9713913B27AE53640048DB28 /* Dashboard+Product.swift in Sources */ = {isa = PBXBuildFile; fileRef = 9713913A27AE53640048DB28 /* Dashboard+Product.swift */; };
		9713913D27AE53760048DB28 /* Dashboard+Banner.swift in Sources */ = {isa = PBXBuildFile; fileRef = 9713913C27AE53760048DB28 /* Dashboard+Banner.swift */; };
		9713913F27AE53870048DB28 /* Dashboard+Carousel.swift in Sources */ = {isa = PBXBuildFile; fileRef = 9713913E27AE53870048DB28 /* Dashboard+Carousel.swift */; };
		9713914227AE540C0048DB28 /* UITextField+Extension.swift in Sources */ = {isa = PBXBuildFile; fileRef = 9713914127AE540C0048DB28 /* UITextField+Extension.swift */; };
		9713914427AE543C0048DB28 /* UIViewController+Extension.swift in Sources */ = {isa = PBXBuildFile; fileRef = 9713914327AE543C0048DB28 /* UIViewController+Extension.swift */; };
		9713914627AE5B1A0048DB28 /* UIImageView+kf.swift in Sources */ = {isa = PBXBuildFile; fileRef = 9713914527AE5B1A0048DB28 /* UIImageView+kf.swift */; };
		9713914827AE6BAD0048DB28 /* DashboardProductCell.swift in Sources */ = {isa = PBXBuildFile; fileRef = 9713914727AE6BAD0048DB28 /* DashboardProductCell.swift */; };
		979C0D0927AE375500C72052 /* AppDelegate.swift in Sources */ = {isa = PBXBuildFile; fileRef = 979C0D0827AE375500C72052 /* AppDelegate.swift */; };
		979C0D1027AE375500C72052 /* Main.storyboard in Resources */ = {isa = PBXBuildFile; fileRef = 979C0D0E27AE375500C72052 /* Main.storyboard */; };
		979C0D1327AE375500C72052 /* ECommerce.xcdatamodeld in Sources */ = {isa = PBXBuildFile; fileRef = 979C0D1127AE375500C72052 /* ECommerce.xcdatamodeld */; };
		979C0D1527AE375700C72052 /* Assets.xcassets in Resources */ = {isa = PBXBuildFile; fileRef = 979C0D1427AE375700C72052 /* Assets.xcassets */; };
		979C0D1827AE375700C72052 /* LaunchScreen.storyboard in Resources */ = {isa = PBXBuildFile; fileRef = 979C0D1627AE375700C72052 /* LaunchScreen.storyboard */; };
		C25B7A19D6867F3EF01DC4ED /* Pods_ECommerce.framework in Frameworks */ = {isa = PBXBuildFile; fileRef = E993FA38072A623010EAD5DA /* Pods_ECommerce.framework */; };
/* End PBXBuildFile section */

/* Begin PBXFileReference section */
		0428BCA0F1AAFCA1EF1134AD /* Pods-ECommerce.debug.xcconfig */ = {isa = PBXFileReference; includeInIndex = 1; lastKnownFileType = text.xcconfig; name = "Pods-ECommerce.debug.xcconfig"; path = "Target Support Files/Pods-ECommerce/Pods-ECommerce.debug.xcconfig"; sourceTree = "<group>"; };
		9713912827AE3C180048DB28 /* Product.swift */ = {isa = PBXFileReference; lastKnownFileType = sourcecode.swift; path = Product.swift; sourceTree = "<group>"; };
		9713912A27AE3F8E0048DB28 /* CoreDataStack.swift */ = {isa = PBXFileReference; fileEncoding = 4; lastKnownFileType = sourcecode.swift; path = CoreDataStack.swift; sourceTree = "<group>"; };
		9713912C27AE438B0048DB28 /* User.swift */ = {isa = PBXFileReference; lastKnownFileType = sourcecode.swift; path = User.swift; sourceTree = "<group>"; };
		9713912E27AE44A70048DB28 /* LoginViewController.swift */ = {isa = PBXFileReference; lastKnownFileType = sourcecode.swift; path = LoginViewController.swift; sourceTree = "<group>"; };
		9713913027AE44B70048DB28 /* DashboardViewController.swift */ = {isa = PBXFileReference; lastKnownFileType = sourcecode.swift; path = DashboardViewController.swift; sourceTree = "<group>"; };
		9713913227AE4BB10048DB28 /* Discount.swift */ = {isa = PBXFileReference; lastKnownFileType = sourcecode.swift; path = Discount.swift; sourceTree = "<group>"; };
		9713913427AE50AA0048DB28 /* Banner.swift */ = {isa = PBXFileReference; lastKnownFileType = sourcecode.swift; path = Banner.swift; sourceTree = "<group>"; };
		9713913627AE52330048DB28 /* Login+User.swift */ = {isa = PBXFileReference; lastKnownFileType = sourcecode.swift; path = "Login+User.swift"; sourceTree = "<group>"; };
		9713913827AE52660048DB28 /* Carousel.swift */ = {isa = PBXFileReference; fileEncoding = 4; lastKnownFileType = sourcecode.swift; path = Carousel.swift; sourceTree = "<group>"; };
		9713913A27AE53640048DB28 /* Dashboard+Product.swift */ = {isa = PBXFileReference; lastKnownFileType = sourcecode.swift; path = "Dashboard+Product.swift"; sourceTree = "<group>"; };
		9713913C27AE53760048DB28 /* Dashboard+Banner.swift */ = {isa = PBXFileReference; lastKnownFileType = sourcecode.swift; path = "Dashboard+Banner.swift"; sourceTree = "<group>"; };
		9713913E27AE53870048DB28 /* Dashboard+Carousel.swift */ = {isa = PBXFileReference; lastKnownFileType = sourcecode.swift; path = "Dashboard+Carousel.swift"; sourceTree = "<group>"; };
		9713914127AE540C0048DB28 /* UITextField+Extension.swift */ = {isa = PBXFileReference; lastKnownFileType = sourcecode.swift; path = "UITextField+Extension.swift"; sourceTree = "<group>"; };
		9713914327AE543C0048DB28 /* UIViewController+Extension.swift */ = {isa = PBXFileReference; lastKnownFileType = sourcecode.swift; path = "UIViewController+Extension.swift"; sourceTree = "<group>"; };
		9713914527AE5B1A0048DB28 /* UIImageView+kf.swift */ = {isa = PBXFileReference; lastKnownFileType = sourcecode.swift; path = "UIImageView+kf.swift"; sourceTree = "<group>"; };
		9713914727AE6BAD0048DB28 /* DashboardProductCell.swift */ = {isa = PBXFileReference; lastKnownFileType = sourcecode.swift; path = DashboardProductCell.swift; sourceTree = "<group>"; };
		979C0D0527AE375500C72052 /* ECommerce.app */ = {isa = PBXFileReference; explicitFileType = wrapper.application; includeInIndex = 0; path = ECommerce.app; sourceTree = BUILT_PRODUCTS_DIR; };
		979C0D0827AE375500C72052 /* AppDelegate.swift */ = {isa = PBXFileReference; lastKnownFileType = sourcecode.swift; path = AppDelegate.swift; sourceTree = "<group>"; };
		979C0D0F27AE375500C72052 /* Base */ = {isa = PBXFileReference; lastKnownFileType = file.storyboard; name = Base; path = Base.lproj/Main.storyboard; sourceTree = "<group>"; };
		979C0D1227AE375500C72052 /* ECommerce.xcdatamodel */ = {isa = PBXFileReference; lastKnownFileType = wrapper.xcdatamodel; path = ECommerce.xcdatamodel; sourceTree = "<group>"; };
		979C0D1427AE375700C72052 /* Assets.xcassets */ = {isa = PBXFileReference; lastKnownFileType = folder.assetcatalog; path = Assets.xcassets; sourceTree = "<group>"; };
		979C0D1727AE375700C72052 /* Base */ = {isa = PBXFileReference; lastKnownFileType = file.storyboard; name = Base; path = Base.lproj/LaunchScreen.storyboard; sourceTree = "<group>"; };
		979C0D1927AE375700C72052 /* Info.plist */ = {isa = PBXFileReference; lastKnownFileType = text.plist.xml; path = Info.plist; sourceTree = "<group>"; };
		D94C5C27C875DBAED4A86C39 /* Pods-ECommerce.release.xcconfig */ = {isa = PBXFileReference; includeInIndex = 1; lastKnownFileType = text.xcconfig; name = "Pods-ECommerce.release.xcconfig"; path = "Target Support Files/Pods-ECommerce/Pods-ECommerce.release.xcconfig"; sourceTree = "<group>"; };
		E993FA38072A623010EAD5DA /* Pods_ECommerce.framework */ = {isa = PBXFileReference; explicitFileType = wrapper.framework; includeInIndex = 0; path = Pods_ECommerce.framework; sourceTree = BUILT_PRODUCTS_DIR; };
/* End PBXFileReference section */

/* Begin PBXFrameworksBuildPhase section */
		979C0D0227AE375500C72052 /* Frameworks */ = {
			isa = PBXFrameworksBuildPhase;
			buildActionMask = 2147483647;
			files = (
				C25B7A19D6867F3EF01DC4ED /* Pods_ECommerce.framework in Frameworks */,
			);
			runOnlyForDeploymentPostprocessing = 0;
		};
/* End PBXFrameworksBuildPhase section */

/* Begin PBXGroup section */
		9713912127AE39A40048DB28 /* Storyboards */ = {
			isa = PBXGroup;
			children = (
				979C0D0E27AE375500C72052 /* Main.storyboard */,
				979C0D1627AE375700C72052 /* LaunchScreen.storyboard */,
			);
			path = Storyboards;
			sourceTree = "<group>";
		};
		9713912227AE39BC0048DB28 /* AppDelegate */ = {
			isa = PBXGroup;
			children = (
				979C0D0827AE375500C72052 /* AppDelegate.swift */,
			);
			path = AppDelegate;
			sourceTree = "<group>";
		};
		9713912327AE39E30048DB28 /* Resources */ = {
			isa = PBXGroup;
			children = (
				979C0D1427AE375700C72052 /* Assets.xcassets */,
				979C0D1927AE375700C72052 /* Info.plist */,
				979C0D1127AE375500C72052 /* ECommerce.xcdatamodeld */,
			);
			path = Resources;
			sourceTree = "<group>";
		};
		9713912427AE3BC40048DB28 /* MVVM */ = {
			isa = PBXGroup;
			children = (
				9713912727AE3BC40048DB28 /* Modal */,
				9713912627AE3BC40048DB28 /* View */,
				9713912527AE3BC40048DB28 /* ViewModal */,
			);
			path = MVVM;
			sourceTree = "<group>";
		};
		9713912527AE3BC40048DB28 /* ViewModal */ = {
			isa = PBXGroup;
			children = (
				9713913627AE52330048DB28 /* Login+User.swift */,
				9713913A27AE53640048DB28 /* Dashboard+Product.swift */,
				9713913C27AE53760048DB28 /* Dashboard+Banner.swift */,
				9713913E27AE53870048DB28 /* Dashboard+Carousel.swift */,
			);
			path = ViewModal;
			sourceTree = "<group>";
		};
		9713912627AE3BC40048DB28 /* View */ = {
			isa = PBXGroup;
			children = (
				9713912E27AE44A70048DB28 /* LoginViewController.swift */,
				9713913027AE44B70048DB28 /* DashboardViewController.swift */,
				9713914927AE6BB20048DB28 /* Cells */,
			);
			path = View;
			sourceTree = "<group>";
		};
		9713912727AE3BC40048DB28 /* Modal */ = {
			isa = PBXGroup;
			children = (
				9713912A27AE3F8E0048DB28 /* CoreDataStack.swift */,
				9713912827AE3C180048DB28 /* Product.swift */,
				9713912C27AE438B0048DB28 /* User.swift */,
				9713913227AE4BB10048DB28 /* Discount.swift */,
				9713913427AE50AA0048DB28 /* Banner.swift */,
				9713913827AE52660048DB28 /* Carousel.swift */,
			);
			path = Modal;
			sourceTree = "<group>";
		};
		9713914027AE53FC0048DB28 /* HelperClasses */ = {
			isa = PBXGroup;
			children = (
				9713914127AE540C0048DB28 /* UITextField+Extension.swift */,
				9713914327AE543C0048DB28 /* UIViewController+Extension.swift */,
				9713914527AE5B1A0048DB28 /* UIImageView+kf.swift */,
			);
			path = HelperClasses;
			sourceTree = "<group>";
		};
		9713914927AE6BB20048DB28 /* Cells */ = {
			isa = PBXGroup;
			children = (
				9713914727AE6BAD0048DB28 /* DashboardProductCell.swift */,
			);
			path = Cells;
			sourceTree = "<group>";
		};
		979C0CFC27AE375500C72052 = {
			isa = PBXGroup;
			children = (
				979C0D0727AE375500C72052 /* ECommerce */,
				979C0D0627AE375500C72052 /* Products */,
				DABCEC924A429778384FFF52 /* Pods */,
				D49ECC96FEE55BBD96A1332B /* Frameworks */,
			);
			sourceTree = "<group>";
		};
		979C0D0627AE375500C72052 /* Products */ = {
			isa = PBXGroup;
			children = (
				979C0D0527AE375500C72052 /* ECommerce.app */,
			);
			name = Products;
			sourceTree = "<group>";
		};
		979C0D0727AE375500C72052 /* ECommerce */ = {
			isa = PBXGroup;
			children = (
				9713912227AE39BC0048DB28 /* AppDelegate */,
				9713912127AE39A40048DB28 /* Storyboards */,
				9713912427AE3BC40048DB28 /* MVVM */,
				9713914027AE53FC0048DB28 /* HelperClasses */,
				9713912327AE39E30048DB28 /* Resources */,
			);
			path = ECommerce;
			sourceTree = "<group>";
		};
		D49ECC96FEE55BBD96A1332B /* Frameworks */ = {
			isa = PBXGroup;
			children = (
				E993FA38072A623010EAD5DA /* Pods_ECommerce.framework */,
			);
			name = Frameworks;
			sourceTree = "<group>";
		};
		DABCEC924A429778384FFF52 /* Pods */ = {
			isa = PBXGroup;
			children = (
				0428BCA0F1AAFCA1EF1134AD /* Pods-ECommerce.debug.xcconfig */,
				D94C5C27C875DBAED4A86C39 /* Pods-ECommerce.release.xcconfig */,
			);
			path = Pods;
			sourceTree = "<group>";
		};
/* End PBXGroup section */

/* Begin PBXNativeTarget section */
		979C0D0427AE375500C72052 /* ECommerce */ = {
			isa = PBXNativeTarget;
			buildConfigurationList = 979C0D1C27AE375700C72052 /* Build configuration list for PBXNativeTarget "ECommerce" */;
			buildPhases = (
				99C6925141ED29E10B0B40BE /* [CP] Check Pods Manifest.lock */,
				979C0D0127AE375500C72052 /* Sources */,
				979C0D0227AE375500C72052 /* Frameworks */,
				979C0D0327AE375500C72052 /* Resources */,
				688AD323C9A50B37781FAD5D /* [CP] Embed Pods Frameworks */,
			);
			buildRules = (
			);
			dependencies = (
			);
			name = ECommerce;
			productName = ECommerce;
			productReference = 979C0D0527AE375500C72052 /* ECommerce.app */;
			productType = "com.apple.product-type.application";
		};
/* End PBXNativeTarget section */

/* Begin PBXProject section */
		979C0CFD27AE375500C72052 /* Project object */ = {
			isa = PBXProject;
			attributes = {
				BuildIndependentTargetsInParallel = 1;
				LastSwiftUpdateCheck = 1320;
				LastUpgradeCheck = 1320;
				TargetAttributes = {
					979C0D0427AE375500C72052 = {
						CreatedOnToolsVersion = 13.2.1;
					};
				};
			};
			buildConfigurationList = 979C0D0027AE375500C72052 /* Build configuration list for PBXProject "ECommerce" */;
			compatibilityVersion = "Xcode 13.0";
			developmentRegion = en;
			hasScannedForEncodings = 0;
			knownRegions = (
				en,
				Base,
			);
			mainGroup = 979C0CFC27AE375500C72052;
			productRefGroup = 979C0D0627AE375500C72052 /* Products */;
			projectDirPath = "";
			projectRoot = "";
			targets = (
				979C0D0427AE375500C72052 /* ECommerce */,
			);
		};
/* End PBXProject section */

/* Begin PBXResourcesBuildPhase section */
		979C0D0327AE375500C72052 /* Resources */ = {
			isa = PBXResourcesBuildPhase;
			buildActionMask = 2147483647;
			files = (
				979C0D1827AE375700C72052 /* LaunchScreen.storyboard in Resources */,
				979C0D1527AE375700C72052 /* Assets.xcassets in Resources */,
				979C0D1027AE375500C72052 /* Main.storyboard in Resources */,
			);
			runOnlyForDeploymentPostprocessing = 0;
		};
/* End PBXResourcesBuildPhase section */

/* Begin PBXShellScriptBuildPhase section */
		688AD323C9A50B37781FAD5D /* [CP] Embed Pods Frameworks */ = {
			isa = PBXShellScriptBuildPhase;
			buildActionMask = 2147483647;
			files = (
			);
			inputFileListPaths = (
				"${PODS_ROOT}/Target Support Files/Pods-ECommerce/Pods-ECommerce-frameworks-${CONFIGURATION}-input-files.xcfilelist",
			);
			name = "[CP] Embed Pods Frameworks";
			outputFileListPaths = (
				"${PODS_ROOT}/Target Support Files/Pods-ECommerce/Pods-ECommerce-frameworks-${CONFIGURATION}-output-files.xcfilelist",
			);
			runOnlyForDeploymentPostprocessing = 0;
			shellPath = /bin/sh;
			shellScript = "\"${PODS_ROOT}/Target Support Files/Pods-ECommerce/Pods-ECommerce-frameworks.sh\"\n";
			showEnvVarsInLog = 0;
		};
		99C6925141ED29E10B0B40BE /* [CP] Check Pods Manifest.lock */ = {
			isa = PBXShellScriptBuildPhase;
			buildActionMask = 2147483647;
			files = (
			);
			inputFileListPaths = (
			);
			inputPaths = (
				"${PODS_PODFILE_DIR_PATH}/Podfile.lock",
				"${PODS_ROOT}/Manifest.lock",
			);
			name = "[CP] Check Pods Manifest.lock";
			outputFileListPaths = (
			);
			outputPaths = (
				"$(DERIVED_FILE_DIR)/Pods-ECommerce-checkManifestLockResult.txt",
			);
			runOnlyForDeploymentPostprocessing = 0;
			shellPath = /bin/sh;
			shellScript = "diff \"${PODS_PODFILE_DIR_PATH}/Podfile.lock\" \"${PODS_ROOT}/Manifest.lock\" > /dev/null\nif [ $? != 0 ] ; then\n    # print error to STDERR\n    echo \"error: The sandbox is not in sync with the Podfile.lock. Run 'pod install' or update your CocoaPods installation.\" >&2\n    exit 1\nfi\n# This output is used by Xcode 'outputs' to avoid re-running this script phase.\necho \"SUCCESS\" > \"${SCRIPT_OUTPUT_FILE_0}\"\n";
			showEnvVarsInLog = 0;
		};
/* End PBXShellScriptBuildPhase section */

/* Begin PBXSourcesBuildPhase section */
		979C0D0127AE375500C72052 /* Sources */ = {
			isa = PBXSourcesBuildPhase;
			buildActionMask = 2147483647;
			files = (
				9713912F27AE44A80048DB28 /* LoginViewController.swift in Sources */,
				9713912B27AE3F8E0048DB28 /* CoreDataStack.swift in Sources */,
				9713913327AE4BB10048DB28 /* Discount.swift in Sources */,
				9713914827AE6BAD0048DB28 /* DashboardProductCell.swift in Sources */,
				9713914427AE543C0048DB28 /* UIViewController+Extension.swift in Sources */,
				9713913B27AE53640048DB28 /* Dashboard+Product.swift in Sources */,
				9713913F27AE53870048DB28 /* Dashboard+Carousel.swift in Sources */,
				9713914227AE540C0048DB28 /* UITextField+Extension.swift in Sources */,
				9713914627AE5B1A0048DB28 /* UIImageView+kf.swift in Sources */,
				9713913927AE52660048DB28 /* Carousel.swift in Sources */,
				979C0D0927AE375500C72052 /* AppDelegate.swift in Sources */,
				9713912D27AE438B0048DB28 /* User.swift in Sources */,
				9713912927AE3C190048DB28 /* Product.swift in Sources */,
				9713913D27AE53760048DB28 /* Dashboard+Banner.swift in Sources */,
				9713913727AE52330048DB28 /* Login+User.swift in Sources */,
				979C0D1327AE375500C72052 /* ECommerce.xcdatamodeld in Sources */,
				9713913527AE50AA0048DB28 /* Banner.swift in Sources */,
				9713913127AE44B70048DB28 /* DashboardViewController.swift in Sources */,
			);
			runOnlyForDeploymentPostprocessing = 0;
		};
/* End PBXSourcesBuildPhase section */

/* Begin PBXVariantGroup section */
		979C0D0E27AE375500C72052 /* Main.storyboard */ = {
			isa = PBXVariantGroup;
			children = (
				979C0D0F27AE375500C72052 /* Base */,
			);
			name = Main.storyboard;
			sourceTree = "<group>";
		};
		979C0D1627AE375700C72052 /* LaunchScreen.storyboard */ = {
			isa = PBXVariantGroup;
			children = (
				979C0D1727AE375700C72052 /* Base */,
			);
			name = LaunchScreen.storyboard;
			sourceTree = "<group>";
		};
/* End PBXVariantGroup section */

/* Begin XCBuildConfiguration section */
		979C0D1A27AE375700C72052 /* Debug */ = {
			isa = XCBuildConfiguration;
			buildSettings = {
				ALWAYS_SEARCH_USER_PATHS = NO;
				CLANG_ANALYZER_NONNULL = YES;
				CLANG_ANALYZER_NUMBER_OBJECT_CONVERSION = YES_AGGRESSIVE;
				CLANG_CXX_LANGUAGE_STANDARD = "gnu++17";
				CLANG_CXX_LIBRARY = "libc++";
				CLANG_ENABLE_MODULES = YES;
				CLANG_ENABLE_OBJC_ARC = YES;
				CLANG_ENABLE_OBJC_WEAK = YES;
				CLANG_WARN_BLOCK_CAPTURE_AUTORELEASING = YES;
				CLANG_WARN_BOOL_CONVERSION = YES;
				CLANG_WARN_COMMA = YES;
				CLANG_WARN_CONSTANT_CONVERSION = YES;
				CLANG_WARN_DEPRECATED_OBJC_IMPLEMENTATIONS = YES;
				CLANG_WARN_DIRECT_OBJC_ISA_USAGE = YES_ERROR;
				CLANG_WARN_DOCUMENTATION_COMMENTS = YES;
				CLANG_WARN_EMPTY_BODY = YES;
				CLANG_WARN_ENUM_CONVERSION = YES;
				CLANG_WARN_INFINITE_RECURSION = YES;
				CLANG_WARN_INT_CONVERSION = YES;
				CLANG_WARN_NON_LITERAL_NULL_CONVERSION = YES;
				CLANG_WARN_OBJC_IMPLICIT_RETAIN_SELF = YES;
				CLANG_WARN_OBJC_LITERAL_CONVERSION = YES;
				CLANG_WARN_OBJC_ROOT_CLASS = YES_ERROR;
				CLANG_WARN_QUOTED_INCLUDE_IN_FRAMEWORK_HEADER = YES;
				CLANG_WARN_RANGE_LOOP_ANALYSIS = YES;
				CLANG_WARN_STRICT_PROTOTYPES = YES;
				CLANG_WARN_SUSPICIOUS_MOVE = YES;
				CLANG_WARN_UNGUARDED_AVAILABILITY = YES_AGGRESSIVE;
				CLANG_WARN_UNREACHABLE_CODE = YES;
				CLANG_WARN__DUPLICATE_METHOD_MATCH = YES;
				COPY_PHASE_STRIP = NO;
				DEBUG_INFORMATION_FORMAT = dwarf;
				ENABLE_STRICT_OBJC_MSGSEND = YES;
				ENABLE_TESTABILITY = YES;
				GCC_C_LANGUAGE_STANDARD = gnu11;
				GCC_DYNAMIC_NO_PIC = NO;
				GCC_NO_COMMON_BLOCKS = YES;
				GCC_OPTIMIZATION_LEVEL = 0;
				GCC_PREPROCESSOR_DEFINITIONS = (
					"DEBUG=1",
					"$(inherited)",
				);
				GCC_WARN_64_TO_32_BIT_CONVERSION = YES;
				GCC_WARN_ABOUT_RETURN_TYPE = YES_ERROR;
				GCC_WARN_UNDECLARED_SELECTOR = YES;
				GCC_WARN_UNINITIALIZED_AUTOS = YES_AGGRESSIVE;
				GCC_WARN_UNUSED_FUNCTION = YES;
				GCC_WARN_UNUSED_VARIABLE = YES;
				IPHONEOS_DEPLOYMENT_TARGET = 13.0;
				MTL_ENABLE_DEBUG_INFO = INCLUDE_SOURCE;
				MTL_FAST_MATH = YES;
				ONLY_ACTIVE_ARCH = YES;
				SDKROOT = iphoneos;
				SWIFT_ACTIVE_COMPILATION_CONDITIONS = DEBUG;
				SWIFT_OPTIMIZATION_LEVEL = "-Onone";
			};
			name = Debug;
		};
		979C0D1B27AE375700C72052 /* Release */ = {
			isa = XCBuildConfiguration;
			buildSettings = {
				ALWAYS_SEARCH_USER_PATHS = NO;
				CLANG_ANALYZER_NONNULL = YES;
				CLANG_ANALYZER_NUMBER_OBJECT_CONVERSION = YES_AGGRESSIVE;
				CLANG_CXX_LANGUAGE_STANDARD = "gnu++17";
				CLANG_CXX_LIBRARY = "libc++";
				CLANG_ENABLE_MODULES = YES;
				CLANG_ENABLE_OBJC_ARC = YES;
				CLANG_ENABLE_OBJC_WEAK = YES;
				CLANG_WARN_BLOCK_CAPTURE_AUTORELEASING = YES;
				CLANG_WARN_BOOL_CONVERSION = YES;
				CLANG_WARN_COMMA = YES;
				CLANG_WARN_CONSTANT_CONVERSION = YES;
				CLANG_WARN_DEPRECATED_OBJC_IMPLEMENTATIONS = YES;
				CLANG_WARN_DIRECT_OBJC_ISA_USAGE = YES_ERROR;
				CLANG_WARN_DOCUMENTATION_COMMENTS = YES;
				CLANG_WARN_EMPTY_BODY = YES;
				CLANG_WARN_ENUM_CONVERSION = YES;
				CLANG_WARN_INFINITE_RECURSION = YES;
				CLANG_WARN_INT_CONVERSION = YES;
				CLANG_WARN_NON_LITERAL_NULL_CONVERSION = YES;
				CLANG_WARN_OBJC_IMPLICIT_RETAIN_SELF = YES;
				CLANG_WARN_OBJC_LITERAL_CONVERSION = YES;
				CLANG_WARN_OBJC_ROOT_CLASS = YES_ERROR;
				CLANG_WARN_QUOTED_INCLUDE_IN_FRAMEWORK_HEADER = YES;
				CLANG_WARN_RANGE_LOOP_ANALYSIS = YES;
				CLANG_WARN_STRICT_PROTOTYPES = YES;
				CLANG_WARN_SUSPICIOUS_MOVE = YES;
				CLANG_WARN_UNGUARDED_AVAILABILITY = YES_AGGRESSIVE;
				CLANG_WARN_UNREACHABLE_CODE = YES;
				CLANG_WARN__DUPLICATE_METHOD_MATCH = YES;
				COPY_PHASE_STRIP = NO;
				DEBUG_INFORMATION_FORMAT = "dwarf-with-dsym";
				ENABLE_NS_ASSERTIONS = NO;
				ENABLE_STRICT_OBJC_MSGSEND = YES;
				GCC_C_LANGUAGE_STANDARD = gnu11;
				GCC_NO_COMMON_BLOCKS = YES;
				GCC_WARN_64_TO_32_BIT_CONVERSION = YES;
				GCC_WARN_ABOUT_RETURN_TYPE = YES_ERROR;
				GCC_WARN_UNDECLARED_SELECTOR = YES;
				GCC_WARN_UNINITIALIZED_AUTOS = YES_AGGRESSIVE;
				GCC_WARN_UNUSED_FUNCTION = YES;
				GCC_WARN_UNUSED_VARIABLE = YES;
				IPHONEOS_DEPLOYMENT_TARGET = 13.0;
				MTL_ENABLE_DEBUG_INFO = NO;
				MTL_FAST_MATH = YES;
				SDKROOT = iphoneos;
				SWIFT_COMPILATION_MODE = wholemodule;
				SWIFT_OPTIMIZATION_LEVEL = "-O";
				VALIDATE_PRODUCT = YES;
			};
			name = Release;
		};
		979C0D1D27AE375700C72052 /* Debug */ = {
			isa = XCBuildConfiguration;
			baseConfigurationReference = 0428BCA0F1AAFCA1EF1134AD /* Pods-ECommerce.debug.xcconfig */;
			buildSettings = {
				ASSETCATALOG_COMPILER_APPICON_NAME = AppIcon;
				ASSETCATALOG_COMPILER_GLOBAL_ACCENT_COLOR_NAME = AccentColor;
				CODE_SIGN_STYLE = Automatic;
				CURRENT_PROJECT_VERSION = 1;
				DEVELOPMENT_TEAM = 7XUD8R6KWP;
				GENERATE_INFOPLIST_FILE = YES;
				INFOPLIST_FILE = ECommerce/Info.plist;
				INFOPLIST_KEY_UIApplicationSupportsIndirectInputEvents = YES;
				INFOPLIST_KEY_UILaunchStoryboardName = LaunchScreen;
				INFOPLIST_KEY_UIMainStoryboardFile = Main;
				INFOPLIST_KEY_UISupportedInterfaceOrientations = UIInterfaceOrientationPortrait;
				INFOPLIST_KEY_UISupportedInterfaceOrientations_iPad = "UIInterfaceOrientationPortrait UIInterfaceOrientationPortraitUpsideDown UIInterfaceOrientationLandscapeLeft UIInterfaceOrientationLandscapeRight";
				INFOPLIST_KEY_UISupportedInterfaceOrientations_iPhone = "UIInterfaceOrientationPortrait UIInterfaceOrientationLandscapeLeft UIInterfaceOrientationLandscapeRight";
				LD_RUNPATH_SEARCH_PATHS = (
					"$(inherited)",
					"@executable_path/Frameworks",
				);
				MARKETING_VERSION = 1.0;
				PRODUCT_BUNDLE_IDENTIFIER = com.srs.ECommerce;
				PRODUCT_NAME = "$(TARGET_NAME)";
				SWIFT_EMIT_LOC_STRINGS = YES;
				SWIFT_VERSION = 5.0;
				TARGETED_DEVICE_FAMILY = 1;
			};
			name = Debug;
		};
		979C0D1E27AE375700C72052 /* Release */ = {
			isa = XCBuildConfiguration;
			baseConfigurationReference = D94C5C27C875DBAED4A86C39 /* Pods-ECommerce.release.xcconfig */;
			buildSettings = {
				ASSETCATALOG_COMPILER_APPICON_NAME = AppIcon;
				ASSETCATALOG_COMPILER_GLOBAL_ACCENT_COLOR_NAME = AccentColor;
				CODE_SIGN_STYLE = Automatic;
				CURRENT_PROJECT_VERSION = 1;
				DEVELOPMENT_TEAM = 7XUD8R6KWP;
				GENERATE_INFOPLIST_FILE = YES;
				INFOPLIST_FILE = ECommerce/Info.plist;
				INFOPLIST_KEY_UIApplicationSupportsIndirectInputEvents = YES;
				INFOPLIST_KEY_UILaunchStoryboardName = LaunchScreen;
				INFOPLIST_KEY_UIMainStoryboardFile = Main;
				INFOPLIST_KEY_UISupportedInterfaceOrientations = UIInterfaceOrientationPortrait;
				INFOPLIST_KEY_UISupportedInterfaceOrientations_iPad = "UIInterfaceOrientationPortrait UIInterfaceOrientationPortraitUpsideDown UIInterfaceOrientationLandscapeLeft UIInterfaceOrientationLandscapeRight";
				INFOPLIST_KEY_UISupportedInterfaceOrientations_iPhone = "UIInterfaceOrientationPortrait UIInterfaceOrientationLandscapeLeft UIInterfaceOrientationLandscapeRight";
				LD_RUNPATH_SEARCH_PATHS = (
					"$(inherited)",
					"@executable_path/Frameworks",
				);
				MARKETING_VERSION = 1.0;
				PRODUCT_BUNDLE_IDENTIFIER = com.srs.ECommerce;
				PRODUCT_NAME = "$(TARGET_NAME)";
				SWIFT_EMIT_LOC_STRINGS = YES;
				SWIFT_VERSION = 5.0;
				TARGETED_DEVICE_FAMILY = 1;
			};
			name = Release;
		};
/* End XCBuildConfiguration section */

/* Begin XCConfigurationList section */
		979C0D0027AE375500C72052 /* Build configuration list for PBXProject "ECommerce" */ = {
			isa = XCConfigurationList;
			buildConfigurations = (
				979C0D1A27AE375700C72052 /* Debug */,
				979C0D1B27AE375700C72052 /* Release */,
			);
			defaultConfigurationIsVisible = 0;
			defaultConfigurationName = Release;
		};
		979C0D1C27AE375700C72052 /* Build configuration list for PBXNativeTarget "ECommerce" */ = {
			isa = XCConfigurationList;
			buildConfigurations = (
				979C0D1D27AE375700C72052 /* Debug */,
				979C0D1E27AE375700C72052 /* Release */,
			);
			defaultConfigurationIsVisible = 0;
			defaultConfigurationName = Release;
		};
/* End XCConfigurationList section */

/* Begin XCVersionGroup section */
		979C0D1127AE375500C72052 /* ECommerce.xcdatamodeld */ = {
			isa = XCVersionGroup;
			children = (
				979C0D1227AE375500C72052 /* ECommerce.xcdatamodel */,
			);
			currentVersion = 979C0D1227AE375500C72052 /* ECommerce.xcdatamodel */;
			path = ECommerce.xcdatamodeld;
			sourceTree = "<group>";
			versionGroupType = wrapper.xcdatamodel;
		};
/* End XCVersionGroup section */
	};
	rootObject = 979C0CFD27AE375500C72052 /* Project object */;
}
